# THIS IS AN AUTOGENERATED FILE. DO NOT EDIT THIS FILE DIRECTLY.
# yarn lockfile v1


openzeppelin-solidity@^2.1.1:
  version "2.3.0"
  resolved "https://registry.yarnpkg.com/openzeppelin-solidity/-/openzeppelin-solidity-2.3.0.tgz#1ab7b4cc3782a5472ed61eb740c56a8bfdd74119"
  integrity sha512-QYeiPLvB1oSbDt6lDQvvpx7k8ODczvE474hb2kLXZBPKMsxKT1WxTCHBYrCU7kS7hfAku4DcJ0jqOyL+jvjwQw==
