{
  "requires": true,
  "lockfileVersion": 1,
  "dependencies": {
    "@jbrower95/bsan": {
      "version": "1.0.1",
      "resolved": "https://registry.npmjs.org/@jbrower95/bsan/-/bsan-1.0.1.tgz",
      "integrity": "sha512-U0bb1WnFGEe6PekKQsgsg53FPB5UlYLpsgo9g6qyaT039TGPDbr16H3ALmHVyb44r4TFZXwd10ynNqUdHZd5dg==",
      "dev": true,
      "requires": {
        "ganache-time-traveler": "^1.0.16"
      }
    },
    "ganache-time-traveler": {
      "version": "1.0.16",
      "resolved": "https://registry.npmjs.org/ganache-time-traveler/-/ganache-time-traveler-1.0.16.tgz",
      "integrity": "sha512-oUaQge9tiT/zzcGqehqJcoH10claKi9QFhq7zI1Wa3KtdPobjgLVMYvqXCJuHCAZoS7sHvLB/N/rSnhmivxaKw==",
      "dev": true
    }
  }
}
