{
  "name": "truffle-events",
  "version": "1.0.0",
  "lockfileVersion": 1,
  "requires": true,
  "dependencies": {
    "emittery": {
      "version": "0.4.1",
      "resolved": "https://registry.npmjs.org/emittery/-/emittery-0.4.1.tgz",
      "integrity": "sha512-r4eRSeStEGf6M5SKdrQhhLK5bOwOBxQhIE3YSTnZE3GpKiLfnnhE+tPtrJE79+eDJgm39BM6LSoI8SCx4HbwlQ=="
    }
  }
}
